
Microsoft Visual Studio Solution File, Format Version 12.00
# Visual Studio Version 17
VisualStudioVersion = 17.3.32901.215
MinimumVisualStudioVersion = 10.0.40219.1
Project("{9A19103F-16F7-4668-BE54-9A1E7A4F7556}") = "PayG_Angular", "PayG_Angular\PayG_Angular.csproj", "{9B750228-4031-4064-811E-9F18506941C9}"
EndProject
Project("{9A19103F-16F7-4668-BE54-9A1E7A4F7556}") = "IMS", "IMS\IMS.csproj", "{AC4E4029-3D3E-4DBA-9801-013CCBF4505F}"
EndProject
Global
	GlobalSection(SolutionConfigurationPlatforms) = preSolution
		Debug|Any CPU = Debug|Any CPU
		Release|Any CPU = Release|Any CPU
	EndGlobalSection
	GlobalSection(ProjectConfigurationPlatforms) = postSolution
		{9B750228-4031-4064-811E-9F18506941C9}.Debug|Any CPU.ActiveCfg = Debug|Any CPU
		{9B750228-4031-4064-811E-9F18506941C9}.Debug|Any CPU.Build.0 = Debug|Any CPU
		{9B750228-4031-4064-811E-9F18506941C9}.Release|Any CPU.ActiveCfg = Release|Any CPU
		{9B750228-4031-4064-811E-9F18506941C9}.Release|Any CPU.Build.0 = Release|Any CPU
		{AC4E4029-3D3E-4DBA-9801-013CCBF4505F}.Debug|Any CPU.ActiveCfg = Debug|Any CPU
		{AC4E4029-3D3E-4DBA-9801-013CCBF4505F}.Debug|Any CPU.Build.0 = Debug|Any CPU
		{AC4E4029-3D3E-4DBA-9801-013CCBF4505F}.Release|Any CPU.ActiveCfg = Release|Any CPU
		{AC4E4029-3D3E-4DBA-9801-013CCBF4505F}.Release|Any CPU.Build.0 = Release|Any CPU
	EndGlobalSection
	GlobalSection(SolutionProperties) = preSolution
		HideSolutionNode = FALSE
	EndGlobalSection
	GlobalSection(ExtensibilityGlobals) = postSolution
		SolutionGuid = {D16A2E22-0273-4D48-A8C8-2223735BC769}
	EndGlobalSection
EndGlobal
